
Microsoft Visual Studio Solution File, Format Version 12.00
Project("{FAE04EC0-301F-11D3-BF4B-00C04F79EFBC}") = "NoMoreThunder", "NoMoreThunder\NoMoreThunder.csproj", "{D19E2C33-89B3-4821-A2B1-B84C09BB8CB1}"
EndProject
Global
	GlobalSection(SolutionConfigurationPlatforms) = preSolution
		Debug|Any CPU = Debug|Any CPU
		Release|Any CPU = Release|Any CPU
	EndGlobalSection
	GlobalSection(ProjectConfigurationPlatforms) = postSolution
		{D19E2C33-89B3-4821-A2B1-B84C09BB8CB1}.Debug|Any CPU.ActiveCfg = Debug|Any CPU
		{D19E2C33-89B3-4821-A2B1-B84C09BB8CB1}.Debug|Any CPU.Build.0 = Debug|Any CPU
		{D19E2C33-89B3-4821-A2B1-B84C09BB8CB1}.Release|Any CPU.ActiveCfg = Release|Any CPU
		{D19E2C33-89B3-4821-A2B1-B84C09BB8CB1}.Release|Any CPU.Build.0 = Release|Any CPU
	EndGlobalSection
EndGlobal
